
Microsoft Visual Studio Solution File, Format Version 11.00
# Visual Studio 2010
Project("{E24C65DC-7377-472B-9ABA-BC803B73C61A}") = "Administrador de Contenidos", ".", "{22C1163B-C25A-4ACF-8A52-49E807D601D8}"
	ProjectSection(WebsiteProperties) = preProject
		TargetFrameworkMoniker = ".NETFramework,Version%3Dv4.0"
		ProjectReferences = "{E190C076-74E7-4D5C-BAFC-E40E2AEC39A5}|UtilitarioEnvioData.dll;{D6D206FC-B0A1-4990-9285-4F6DB5A52B3A}|AccessLayer.dll;{C6FF15C1-B3EF-49DD-9A40-93627B5D37B4}|ComunLayer.dll;{D3CB6C69-86BC-4456-A320-3D0EF99F0AF0}|AdministradorContenidos.ActiveDirectory.dll;"
		Debug.AspNetCompiler.VirtualPath = "/Administrador de Contenidos"
		Debug.AspNetCompiler.PhysicalPath = "..\Administrador de Contenidos\"
		Debug.AspNetCompiler.TargetPath = "PrecompiledWeb\Administrador de Contenidos\"
		Debug.AspNetCompiler.Updateable = "true"
		Debug.AspNetCompiler.ForceOverwrite = "true"
		Debug.AspNetCompiler.FixedNames = "false"
		Debug.AspNetCompiler.Debug = "True"
		Release.AspNetCompiler.VirtualPath = "/Administrador de Contenidos"
		Release.AspNetCompiler.PhysicalPath = "..\Administrador de Contenidos\"
		Release.AspNetCompiler.TargetPath = "PrecompiledWeb\Administrador de Contenidos\"
		Release.AspNetCompiler.Updateable = "true"
		Release.AspNetCompiler.ForceOverwrite = "true"
		Release.AspNetCompiler.FixedNames = "false"
		Release.AspNetCompiler.Debug = "False"
		VWDPort = "2011"
	EndProjectSection
EndProject
Project("{FAE04EC0-301F-11D3-BF4B-00C04F79EFBC}") = "UtilitarioEnvioData", "..\UtilitarioEnvioData\UtilitarioEnvioData.csproj", "{E190C076-74E7-4D5C-BAFC-E40E2AEC39A5}"
EndProject
Project("{F184B08F-C81C-45F6-A57F-5ABD9991F28F}") = "AccessLayer", "..\AccessLayer\AccessLayer.vbproj", "{D6D206FC-B0A1-4990-9285-4F6DB5A52B3A}"
EndProject
Project("{FAE04EC0-301F-11D3-BF4B-00C04F79EFBC}") = "ComunLayer", "..\ComunLayer\ComunLayer.csproj", "{C6FF15C1-B3EF-49DD-9A40-93627B5D37B4}"
EndProject
Project("{FAE04EC0-301F-11D3-BF4B-00C04F79EFBC}") = "AdministradorContenidos.ActiveDirectory", "..\ActiveDirectory\AdministradorContenidos.ActiveDirectory.csproj", "{D3CB6C69-86BC-4456-A320-3D0EF99F0AF0}"
EndProject
Global
	GlobalSection(SolutionConfigurationPlatforms) = preSolution
		Debug|.NET = Debug|.NET
		Debug|Any CPU = Debug|Any CPU
		Debug|Mixed Platforms = Debug|Mixed Platforms
		Release|.NET = Release|.NET
		Release|Any CPU = Release|Any CPU
		Release|Mixed Platforms = Release|Mixed Platforms
	EndGlobalSection
	GlobalSection(ProjectConfigurationPlatforms) = postSolution
		{22C1163B-C25A-4ACF-8A52-49E807D601D8}.Debug|.NET.ActiveCfg = Debug|.NET
		{22C1163B-C25A-4ACF-8A52-49E807D601D8}.Debug|.NET.Build.0 = Debug|.NET
		{22C1163B-C25A-4ACF-8A52-49E807D601D8}.Debug|Any CPU.ActiveCfg = Debug|.NET
		{22C1163B-C25A-4ACF-8A52-49E807D601D8}.Debug|Mixed Platforms.ActiveCfg = Debug|.NET
		{22C1163B-C25A-4ACF-8A52-49E807D601D8}.Debug|Mixed Platforms.Build.0 = Debug|.NET
		{22C1163B-C25A-4ACF-8A52-49E807D601D8}.Release|.NET.ActiveCfg = Debug|.NET
		{22C1163B-C25A-4ACF-8A52-49E807D601D8}.Release|.NET.Build.0 = Debug|.NET
		{22C1163B-C25A-4ACF-8A52-49E807D601D8}.Release|Any CPU.ActiveCfg = Debug|.NET
		{22C1163B-C25A-4ACF-8A52-49E807D601D8}.Release|Mixed Platforms.ActiveCfg = Debug|.NET
		{22C1163B-C25A-4ACF-8A52-49E807D601D8}.Release|Mixed Platforms.Build.0 = Debug|.NET
		{E190C076-74E7-4D5C-BAFC-E40E2AEC39A5}.Debug|.NET.ActiveCfg = Debug|Any CPU
		{E190C076-74E7-4D5C-BAFC-E40E2AEC39A5}.Debug|Any CPU.ActiveCfg = Debug|Any CPU
		{E190C076-74E7-4D5C-BAFC-E40E2AEC39A5}.Debug|Any CPU.Build.0 = Debug|Any CPU
		{E190C076-74E7-4D5C-BAFC-E40E2AEC39A5}.Debug|Mixed Platforms.ActiveCfg = Debug|Any CPU
		{E190C076-74E7-4D5C-BAFC-E40E2AEC39A5}.Debug|Mixed Platforms.Build.0 = Debug|Any CPU
		{E190C076-74E7-4D5C-BAFC-E40E2AEC39A5}.Release|.NET.ActiveCfg = Release|Any CPU
		{E190C076-74E7-4D5C-BAFC-E40E2AEC39A5}.Release|Any CPU.ActiveCfg = Release|Any CPU
		{E190C076-74E7-4D5C-BAFC-E40E2AEC39A5}.Release|Any CPU.Build.0 = Release|Any CPU
		{E190C076-74E7-4D5C-BAFC-E40E2AEC39A5}.Release|Mixed Platforms.ActiveCfg = Release|Any CPU
		{E190C076-74E7-4D5C-BAFC-E40E2AEC39A5}.Release|Mixed Platforms.Build.0 = Release|Any CPU
		{D6D206FC-B0A1-4990-9285-4F6DB5A52B3A}.Debug|.NET.ActiveCfg = Debug|Any CPU
		{D6D206FC-B0A1-4990-9285-4F6DB5A52B3A}.Debug|Any CPU.ActiveCfg = Debug|Any CPU
		{D6D206FC-B0A1-4990-9285-4F6DB5A52B3A}.Debug|Any CPU.Build.0 = Debug|Any CPU
		{D6D206FC-B0A1-4990-9285-4F6DB5A52B3A}.Debug|Mixed Platforms.ActiveCfg = Debug|Any CPU
		{D6D206FC-B0A1-4990-9285-4F6DB5A52B3A}.Debug|Mixed Platforms.Build.0 = Debug|Any CPU
		{D6D206FC-B0A1-4990-9285-4F6DB5A52B3A}.Release|.NET.ActiveCfg = Release|Any CPU
		{D6D206FC-B0A1-4990-9285-4F6DB5A52B3A}.Release|Any CPU.ActiveCfg = Release|Any CPU
		{D6D206FC-B0A1-4990-9285-4F6DB5A52B3A}.Release|Any CPU.Build.0 = Release|Any CPU
		{D6D206FC-B0A1-4990-9285-4F6DB5A52B3A}.Release|Mixed Platforms.ActiveCfg = Release|Any CPU
		{D6D206FC-B0A1-4990-9285-4F6DB5A52B3A}.Release|Mixed Platforms.Build.0 = Release|Any CPU
		{C6FF15C1-B3EF-49DD-9A40-93627B5D37B4}.Debug|.NET.ActiveCfg = Debug|Any CPU
		{C6FF15C1-B3EF-49DD-9A40-93627B5D37B4}.Debug|Any CPU.ActiveCfg = Debug|Any CPU
		{C6FF15C1-B3EF-49DD-9A40-93627B5D37B4}.Debug|Any CPU.Build.0 = Debug|Any CPU
		{C6FF15C1-B3EF-49DD-9A40-93627B5D37B4}.Debug|Mixed Platforms.ActiveCfg = Debug|Any CPU
		{C6FF15C1-B3EF-49DD-9A40-93627B5D37B4}.Debug|Mixed Platforms.Build.0 = Debug|Any CPU
		{C6FF15C1-B3EF-49DD-9A40-93627B5D37B4}.Release|.NET.ActiveCfg = Release|Any CPU
		{C6FF15C1-B3EF-49DD-9A40-93627B5D37B4}.Release|Any CPU.ActiveCfg = Release|Any CPU
		{C6FF15C1-B3EF-49DD-9A40-93627B5D37B4}.Release|Any CPU.Build.0 = Release|Any CPU
		{C6FF15C1-B3EF-49DD-9A40-93627B5D37B4}.Release|Mixed Platforms.ActiveCfg = Release|Any CPU
		{C6FF15C1-B3EF-49DD-9A40-93627B5D37B4}.Release|Mixed Platforms.Build.0 = Release|Any CPU
		{D3CB6C69-86BC-4456-A320-3D0EF99F0AF0}.Debug|.NET.ActiveCfg = Debug|Any CPU
		{D3CB6C69-86BC-4456-A320-3D0EF99F0AF0}.Debug|Any CPU.ActiveCfg = Debug|Any CPU
		{D3CB6C69-86BC-4456-A320-3D0EF99F0AF0}.Debug|Any CPU.Build.0 = Debug|Any CPU
		{D3CB6C69-86BC-4456-A320-3D0EF99F0AF0}.Debug|Mixed Platforms.ActiveCfg = Debug|Any CPU
		{D3CB6C69-86BC-4456-A320-3D0EF99F0AF0}.Debug|Mixed Platforms.Build.0 = Debug|Any CPU
		{D3CB6C69-86BC-4456-A320-3D0EF99F0AF0}.Release|.NET.ActiveCfg = Release|Any CPU
		{D3CB6C69-86BC-4456-A320-3D0EF99F0AF0}.Release|Any CPU.ActiveCfg = Release|Any CPU
		{D3CB6C69-86BC-4456-A320-3D0EF99F0AF0}.Release|Any CPU.Build.0 = Release|Any CPU
		{D3CB6C69-86BC-4456-A320-3D0EF99F0AF0}.Release|Mixed Platforms.ActiveCfg = Release|Any CPU
		{D3CB6C69-86BC-4456-A320-3D0EF99F0AF0}.Release|Mixed Platforms.Build.0 = Release|Any CPU
	EndGlobalSection
	GlobalSection(SolutionProperties) = preSolution
		HideSolutionNode = FALSE
	EndGlobalSection
EndGlobal
